
Microsoft Visual Studio Solution File, Format Version 12.00
# Visual Studio 2012
VisualStudioVersion = 14.0.22310.1
MinimumVisualStudioVersion = 10.0.40219.1
Project("{FAE04EC0-301F-11D3-BF4B-00C04F79EFBC}") = "UAV", "UAV\UAV.csproj", "{74D64AFF-250B-4EA3-943B-8E38AAFF3CFB}"
EndProject
Project("{FAE04EC0-301F-11D3-BF4B-00C04F79EFBC}") = "UAV.Joystick", "UAV.Joystick\UAV.Joystick.csproj", "{50B6C6E5-0EB5-40D9-985E-2A48EF06AC7B}"
EndProject
Project("{FAE04EC0-301F-11D3-BF4B-00C04F79EFBC}") = "UAV.GUI", "UAV.GUI\UAV.GUI.csproj", "{36FE5A84-5C8D-4728-ADA8-B8755375E093}"
EndProject
Project("{FAE04EC0-301F-11D3-BF4B-00C04F79EFBC}") = "UAV.Prediction", "UAV.Prediction\UAV.Prediction.csproj", "{8513D936-7124-40B8-AF04-D7C1361525CE}"
EndProject
Project("{FAE04EC0-301F-11D3-BF4B-00C04F79EFBC}") = "UAV.Simulation", "UAV.Simulation\UAV.Simulation.csproj", "{AAC16C2B-4F59-462C-8926-0F5783E60032}"
EndProject
Global
	GlobalSection(SolutionConfigurationPlatforms) = preSolution
		Debug|Any CPU = Debug|Any CPU
		Release|Any CPU = Release|Any CPU
	EndGlobalSection
	GlobalSection(ProjectConfigurationPlatforms) = postSolution
		{36FE5A84-5C8D-4728-ADA8-B8755375E093}.Debug|Any CPU.ActiveCfg = Debug|Any CPU
		{36FE5A84-5C8D-4728-ADA8-B8755375E093}.Debug|Any CPU.Build.0 = Debug|Any CPU
		{36FE5A84-5C8D-4728-ADA8-B8755375E093}.Release|Any CPU.ActiveCfg = Release|Any CPU
		{36FE5A84-5C8D-4728-ADA8-B8755375E093}.Release|Any CPU.Build.0 = Release|Any CPU
		{50B6C6E5-0EB5-40D9-985E-2A48EF06AC7B}.Debug|Any CPU.ActiveCfg = Debug|Any CPU
		{50B6C6E5-0EB5-40D9-985E-2A48EF06AC7B}.Debug|Any CPU.Build.0 = Debug|Any CPU
		{50B6C6E5-0EB5-40D9-985E-2A48EF06AC7B}.Release|Any CPU.ActiveCfg = Release|Any CPU
		{50B6C6E5-0EB5-40D9-985E-2A48EF06AC7B}.Release|Any CPU.Build.0 = Release|Any CPU
		{74D64AFF-250B-4EA3-943B-8E38AAFF3CFB}.Debug|Any CPU.ActiveCfg = Debug|Any CPU
		{74D64AFF-250B-4EA3-943B-8E38AAFF3CFB}.Debug|Any CPU.Build.0 = Debug|Any CPU
		{74D64AFF-250B-4EA3-943B-8E38AAFF3CFB}.Release|Any CPU.ActiveCfg = Release|Any CPU
		{74D64AFF-250B-4EA3-943B-8E38AAFF3CFB}.Release|Any CPU.Build.0 = Release|Any CPU
		{8513D936-7124-40B8-AF04-D7C1361525CE}.Debug|Any CPU.ActiveCfg = Debug|Any CPU
		{8513D936-7124-40B8-AF04-D7C1361525CE}.Debug|Any CPU.Build.0 = Debug|Any CPU
		{8513D936-7124-40B8-AF04-D7C1361525CE}.Release|Any CPU.ActiveCfg = Release|Any CPU
		{8513D936-7124-40B8-AF04-D7C1361525CE}.Release|Any CPU.Build.0 = Release|Any CPU
		{AAC16C2B-4F59-462C-8926-0F5783E60032}.Debug|Any CPU.ActiveCfg = Debug|Any CPU
		{AAC16C2B-4F59-462C-8926-0F5783E60032}.Debug|Any CPU.Build.0 = Debug|Any CPU
		{AAC16C2B-4F59-462C-8926-0F5783E60032}.Release|Any CPU.ActiveCfg = Release|Any CPU
		{AAC16C2B-4F59-462C-8926-0F5783E60032}.Release|Any CPU.Build.0 = Release|Any CPU
	EndGlobalSection
	GlobalSection(SolutionProperties) = preSolution
		HideSolutionNode = FALSE
	EndGlobalSection
EndGlobal
