
Microsoft Visual Studio Solution File, Format Version 12.00
# Visual Studio 2012
VisualStudioVersion = 14.0.22310.1
MinimumVisualStudioVersion = 10.0.40219.1
Project("{FAE04EC0-301F-11D3-BF4B-00C04F79EFBC}") = "UAV.Control", "UAV.Control\UAV.Control.csproj", "{74D64AFF-250B-4EA3-943B-8E38AAFF3CFB}"
EndProject
Project("{FAE04EC0-301F-11D3-BF4B-00C04F79EFBC}") = "UAV.Joystick", "UAV.Joystick\UAV.Joystick.csproj", "{50B6C6E5-0EB5-40D9-985E-2A48EF06AC7B}"
EndProject
Project("{FAE04EC0-301F-11D3-BF4B-00C04F79EFBC}") = "UAV.GUI", "UAV.GUI\UAV.GUI.csproj", "{36FE5A84-5C8D-4728-ADA8-B8755375E093}"
EndProject
Project("{FAE04EC0-301F-11D3-BF4B-00C04F79EFBC}") = "UAV.Prediction", "UAV.Prediction\UAV.Prediction.csproj", "{8513D936-7124-40B8-AF04-D7C1361525CE}"
EndProject
Project("{FAE04EC0-301F-11D3-BF4B-00C04F79EFBC}") = "UAV.Simulation", "UAV.Simulation\UAV.Simulation.csproj", "{AAC16C2B-4F59-462C-8926-0F5783E60032}"
EndProject
Project("{FAE04EC0-301F-11D3-BF4B-00C04F79EFBC}") = "UAV.Controllers", "UAV.Controllers\UAV.Controllers.csproj", "{C810BC90-7669-430C-A330-C6DB89BCD371}"
EndProject
Project("{FAE04EC0-301F-11D3-BF4B-00C04F79EFBC}") = "UAV.Common", "UAV.Common\UAV.Common.csproj", "{DDDD04FD-28DC-4B39-8449-9FD5A4CD34DB}"
EndProject
Project("{FAE04EC0-301F-11D3-BF4B-00C04F79EFBC}") = "UAV.Vision", "UAV.Vision\UAV.Vision.csproj", "{6D2FCCDC-33FD-4C47-83E7-244A6BAF4458}"
EndProject
Project("{FAE04EC0-301F-11D3-BF4B-00C04F79EFBC}") = "UAV.SharedControl", "UAV.SharedControl\UAV.SharedControl.csproj", "{3E4C5232-4D4F-44C3-A3C2-B2F64AE1DF20}"
EndProject
Global
	GlobalSection(SolutionConfigurationPlatforms) = preSolution
		Debug|Any CPU = Debug|Any CPU
		Release|Any CPU = Release|Any CPU
	EndGlobalSection
	GlobalSection(ProjectConfigurationPlatforms) = postSolution
		{36FE5A84-5C8D-4728-ADA8-B8755375E093}.Debug|Any CPU.ActiveCfg = Debug|Any CPU
		{36FE5A84-5C8D-4728-ADA8-B8755375E093}.Debug|Any CPU.Build.0 = Debug|Any CPU
		{36FE5A84-5C8D-4728-ADA8-B8755375E093}.Release|Any CPU.ActiveCfg = Release|Any CPU
		{36FE5A84-5C8D-4728-ADA8-B8755375E093}.Release|Any CPU.Build.0 = Release|Any CPU
		{3E4C5232-4D4F-44C3-A3C2-B2F64AE1DF20}.Debug|Any CPU.ActiveCfg = Debug|Any CPU
		{3E4C5232-4D4F-44C3-A3C2-B2F64AE1DF20}.Debug|Any CPU.Build.0 = Debug|Any CPU
		{3E4C5232-4D4F-44C3-A3C2-B2F64AE1DF20}.Release|Any CPU.ActiveCfg = Release|Any CPU
		{3E4C5232-4D4F-44C3-A3C2-B2F64AE1DF20}.Release|Any CPU.Build.0 = Release|Any CPU
		{50B6C6E5-0EB5-40D9-985E-2A48EF06AC7B}.Debug|Any CPU.ActiveCfg = Debug|Any CPU
		{50B6C6E5-0EB5-40D9-985E-2A48EF06AC7B}.Debug|Any CPU.Build.0 = Debug|Any CPU
		{50B6C6E5-0EB5-40D9-985E-2A48EF06AC7B}.Release|Any CPU.ActiveCfg = Release|Any CPU
		{50B6C6E5-0EB5-40D9-985E-2A48EF06AC7B}.Release|Any CPU.Build.0 = Release|Any CPU
		{6D2FCCDC-33FD-4C47-83E7-244A6BAF4458}.Debug|Any CPU.ActiveCfg = Debug|Any CPU
		{6D2FCCDC-33FD-4C47-83E7-244A6BAF4458}.Debug|Any CPU.Build.0 = Debug|Any CPU
		{6D2FCCDC-33FD-4C47-83E7-244A6BAF4458}.Release|Any CPU.ActiveCfg = Release|Any CPU
		{6D2FCCDC-33FD-4C47-83E7-244A6BAF4458}.Release|Any CPU.Build.0 = Release|Any CPU
		{74D64AFF-250B-4EA3-943B-8E38AAFF3CFB}.Debug|Any CPU.ActiveCfg = Debug|Any CPU
		{74D64AFF-250B-4EA3-943B-8E38AAFF3CFB}.Debug|Any CPU.Build.0 = Debug|Any CPU
		{74D64AFF-250B-4EA3-943B-8E38AAFF3CFB}.Release|Any CPU.ActiveCfg = Release|Any CPU
		{74D64AFF-250B-4EA3-943B-8E38AAFF3CFB}.Release|Any CPU.Build.0 = Release|Any CPU
		{8513D936-7124-40B8-AF04-D7C1361525CE}.Debug|Any CPU.ActiveCfg = Debug|Any CPU
		{8513D936-7124-40B8-AF04-D7C1361525CE}.Debug|Any CPU.Build.0 = Debug|Any CPU
		{8513D936-7124-40B8-AF04-D7C1361525CE}.Release|Any CPU.ActiveCfg = Release|Any CPU
		{8513D936-7124-40B8-AF04-D7C1361525CE}.Release|Any CPU.Build.0 = Release|Any CPU
		{AAC16C2B-4F59-462C-8926-0F5783E60032}.Debug|Any CPU.ActiveCfg = Debug|Any CPU
		{AAC16C2B-4F59-462C-8926-0F5783E60032}.Debug|Any CPU.Build.0 = Debug|Any CPU
		{AAC16C2B-4F59-462C-8926-0F5783E60032}.Release|Any CPU.ActiveCfg = Release|Any CPU
		{AAC16C2B-4F59-462C-8926-0F5783E60032}.Release|Any CPU.Build.0 = Release|Any CPU
		{C810BC90-7669-430C-A330-C6DB89BCD371}.Debug|Any CPU.ActiveCfg = Debug|Any CPU
		{C810BC90-7669-430C-A330-C6DB89BCD371}.Debug|Any CPU.Build.0 = Debug|Any CPU
		{C810BC90-7669-430C-A330-C6DB89BCD371}.Release|Any CPU.ActiveCfg = Release|Any CPU
		{C810BC90-7669-430C-A330-C6DB89BCD371}.Release|Any CPU.Build.0 = Release|Any CPU
		{DDDD04FD-28DC-4B39-8449-9FD5A4CD34DB}.Debug|Any CPU.ActiveCfg = Debug|Any CPU
		{DDDD04FD-28DC-4B39-8449-9FD5A4CD34DB}.Debug|Any CPU.Build.0 = Debug|Any CPU
		{DDDD04FD-28DC-4B39-8449-9FD5A4CD34DB}.Release|Any CPU.ActiveCfg = Release|Any CPU
		{DDDD04FD-28DC-4B39-8449-9FD5A4CD34DB}.Release|Any CPU.Build.0 = Release|Any CPU
	EndGlobalSection
	GlobalSection(SolutionProperties) = preSolution
		HideSolutionNode = FALSE
	EndGlobalSection
EndGlobal
